
Microsoft Visual Studio Solution File, Format Version 12.00
# Visual Studio 15
VisualStudioVersion = 15.0.28307.757
MinimumVisualStudioVersion = 10.0.40219.1
Project("{FAE04EC0-301F-11D3-BF4B-00C04F79EFBC}") = "TreeEditTestApp", "TreeEditTestApp\TreeEditTestApp.csproj", "{1292BBA6-17AA-4A6F-BF82-DCC2DB99E974}"
EndProject
Project("{FAE04EC0-301F-11D3-BF4B-00C04F79EFBC}") = "TreeEditTestApp.Data", "TreeEditTestApp.Data\TreeEditTestApp.Data.csproj", "{CE606740-3C01-431B-B0B4-EF82F85070A9}"
EndProject
Project("{FAE04EC0-301F-11D3-BF4B-00C04F79EFBC}") = "TreeEditTestApp.Services", "TreeEditTestApp.Services\TreeEditTestApp.Services.csproj", "{E282B2FA-119C-4C94-9C60-FC1ED70D4731}"
EndProject
Project("{FAE04EC0-301F-11D3-BF4B-00C04F79EFBC}") = "TreeEditTestApp.Contracts", "TreeEditTestApp.Contracts\TreeEditTestApp.Contracts.csproj", "{89B26D7C-FD38-4FC1-ACAB-B660E92AFFDB}"
EndProject
Project("{FAE04EC0-301F-11D3-BF4B-00C04F79EFBC}") = "TreeEditTestApp.DataModel", "TreeEditTestApp.DataModel\TreeEditTestApp.DataModel.csproj", "{310B9BA3-74F5-4840-A3E3-5F351A007924}"
EndProject
Global
	GlobalSection(SolutionConfigurationPlatforms) = preSolution
		Debug|Any CPU = Debug|Any CPU
		Release|Any CPU = Release|Any CPU
	EndGlobalSection
	GlobalSection(ProjectConfigurationPlatforms) = postSolution
		{1292BBA6-17AA-4A6F-BF82-DCC2DB99E974}.Debug|Any CPU.ActiveCfg = Debug|Any CPU
		{1292BBA6-17AA-4A6F-BF82-DCC2DB99E974}.Debug|Any CPU.Build.0 = Debug|Any CPU
		{1292BBA6-17AA-4A6F-BF82-DCC2DB99E974}.Release|Any CPU.ActiveCfg = Release|Any CPU
		{1292BBA6-17AA-4A6F-BF82-DCC2DB99E974}.Release|Any CPU.Build.0 = Release|Any CPU
		{CE606740-3C01-431B-B0B4-EF82F85070A9}.Debug|Any CPU.ActiveCfg = Debug|Any CPU
		{CE606740-3C01-431B-B0B4-EF82F85070A9}.Debug|Any CPU.Build.0 = Debug|Any CPU
		{CE606740-3C01-431B-B0B4-EF82F85070A9}.Release|Any CPU.ActiveCfg = Release|Any CPU
		{CE606740-3C01-431B-B0B4-EF82F85070A9}.Release|Any CPU.Build.0 = Release|Any CPU
		{E282B2FA-119C-4C94-9C60-FC1ED70D4731}.Debug|Any CPU.ActiveCfg = Debug|Any CPU
		{E282B2FA-119C-4C94-9C60-FC1ED70D4731}.Debug|Any CPU.Build.0 = Debug|Any CPU
		{E282B2FA-119C-4C94-9C60-FC1ED70D4731}.Release|Any CPU.ActiveCfg = Release|Any CPU
		{E282B2FA-119C-4C94-9C60-FC1ED70D4731}.Release|Any CPU.Build.0 = Release|Any CPU
		{89B26D7C-FD38-4FC1-ACAB-B660E92AFFDB}.Debug|Any CPU.ActiveCfg = Debug|Any CPU
		{89B26D7C-FD38-4FC1-ACAB-B660E92AFFDB}.Debug|Any CPU.Build.0 = Debug|Any CPU
		{89B26D7C-FD38-4FC1-ACAB-B660E92AFFDB}.Release|Any CPU.ActiveCfg = Release|Any CPU
		{89B26D7C-FD38-4FC1-ACAB-B660E92AFFDB}.Release|Any CPU.Build.0 = Release|Any CPU
		{310B9BA3-74F5-4840-A3E3-5F351A007924}.Debug|Any CPU.ActiveCfg = Debug|Any CPU
		{310B9BA3-74F5-4840-A3E3-5F351A007924}.Debug|Any CPU.Build.0 = Debug|Any CPU
		{310B9BA3-74F5-4840-A3E3-5F351A007924}.Release|Any CPU.ActiveCfg = Release|Any CPU
		{310B9BA3-74F5-4840-A3E3-5F351A007924}.Release|Any CPU.Build.0 = Release|Any CPU
	EndGlobalSection
	GlobalSection(SolutionProperties) = preSolution
		HideSolutionNode = FALSE
	EndGlobalSection
	GlobalSection(ExtensibilityGlobals) = postSolution
		SolutionGuid = {A172A77A-1C89-4EA6-92A5-E95955D173CC}
	EndGlobalSection
EndGlobal
